{
  "name": "spirit-in-physics",
  "lockfileVersion": 3,
  "requires": true,
  "packages": {
    "": {
      "dependencies": {
        "@duckdb/node-api": "^1.4.0-r.1"
      }
    },
    "node_modules/@duckdb/node-api": {
      "version": "1.4.0-r.1",
      "resolved": "https://registry.npmjs.org/@duckdb/node-api/-/node-api-1.4.0-r.1.tgz",
      "integrity": "sha512-7ccHtcviASDUO3Dq23F/niJ8cB7wxARQXjg4u+jChy7r4hciZA4GEK+ZS1duifE2OJZP3bjWmTs0BpVenpoHWg==",
      "license": "MIT",
      "dependencies": {
        "@duckdb/node-bindings": "1.4.0-r.1"
      }
    },
    "node_modules/@duckdb/node-bindings": {
      "version": "1.4.0-r.1",
      "resolved": "https://registry.npmjs.org/@duckdb/node-bindings/-/node-bindings-1.4.0-r.1.tgz",
      "integrity": "sha512-XyVgC2ab3DyztoIdcZ1XEckShPYoo8nPyEawwtK0/T//ouayLxwYdpSP87Zgx9AVtv345n5PZInVYUNbUGaKuQ==",
      "license": "MIT",
      "optionalDependencies": {
        "@duckdb/node-bindings-darwin-arm64": "1.4.0-r.1",
        "@duckdb/node-bindings-darwin-x64": "1.4.0-r.1",
        "@duckdb/node-bindings-linux-arm64": "1.4.0-r.1",
        "@duckdb/node-bindings-linux-x64": "1.4.0-r.1",
        "@duckdb/node-bindings-win32-x64": "1.4.0-r.1"
      }
    },
    "node_modules/@duckdb/node-bindings-darwin-arm64": {
      "version": "1.4.0-r.1",
      "resolved": "https://registry.npmjs.org/@duckdb/node-bindings-darwin-arm64/-/node-bindings-darwin-arm64-1.4.0-r.1.tgz",
      "integrity": "sha512-d7Z1TcpcUV3CS6YNNPmJEgxvO4/8GvqFrDdJ1dquMuJSmOpA9XzVCBdXqYY3P1evr0ItZuT7ByTTCZgVZjbaAw==",
      "cpu": [
        "arm64"
      ],
      "license": "MIT",
      "optional": true,
      "os": [
        "darwin"
      ]
    },
    "node_modules/@duckdb/node-bindings-darwin-x64": {
      "version": "1.4.0-r.1",
      "resolved": "https://registry.npmjs.org/@duckdb/node-bindings-darwin-x64/-/node-bindings-darwin-x64-1.4.0-r.1.tgz",
      "integrity": "sha512-KcX4vDXv4ZkwLwZROasBwnIlV99MevsFewWKekdF311C2fL33i+bw5ObO+aUA20D+0cBjFNPTGkRifk0vN6iCA==",
      "cpu": [
        "x64"
      ],
      "license": "MIT",
      "optional": true,
      "os": [
        "darwin"
      ]
    },
    "node_modules/@duckdb/node-bindings-linux-arm64": {
      "version": "1.4.0-r.1",
      "resolved": "https://registry.npmjs.org/@duckdb/node-bindings-linux-arm64/-/node-bindings-linux-arm64-1.4.0-r.1.tgz",
      "integrity": "sha512-hJzYGJW+7NQPVI/vXtpju8m/pKl1atJmJ7hOzCzJ4FzYs8O592YRmOZKDz5a2l+fEOjlJKCp3MJOHh0ZfUly4A==",
      "cpu": [
        "arm64"
      ],
      "license": "MIT",
      "optional": true,
      "os": [
        "linux"
      ]
    },
    "node_modules/@duckdb/node-bindings-linux-x64": {
      "version": "1.4.0-r.1",
      "resolved": "https://registry.npmjs.org/@duckdb/node-bindings-linux-x64/-/node-bindings-linux-x64-1.4.0-r.1.tgz",
      "integrity": "sha512-KoNVNN/2e48mrafShbZv4IUoU4UBKknnX93ub1Rp+ryVx725yszxpRxunhQ/m0v/ItnOF5++BEIhBFy7Um2gCg==",
      "cpu": [
        "x64"
      ],
      "license": "MIT",
      "optional": true,
      "os": [
        "linux"
      ]
    },
    "node_modules/@duckdb/node-bindings-win32-x64": {
      "version": "1.4.0-r.1",
      "resolved": "https://registry.npmjs.org/@duckdb/node-bindings-win32-x64/-/node-bindings-win32-x64-1.4.0-r.1.tgz",
      "integrity": "sha512-+JiUKyPz5StYuae/wG0QOGaTj0U4krYm/YgNm5tlV1ooNPGj2xR9YePCBjlEXgYPgc4MN5HMmE74p2aPXFBrXw==",
      "cpu": [
        "x64"
      ],
      "license": "MIT",
      "optional": true,
      "os": [
        "win32"
      ]
    }
  }
}
