lockfileVersion: '9.0'

settings:
  autoInstallPeers: true
  excludeLinksFromLockfile: false

importers:

  .:
    dependencies:
      '@duckdb/node-api':
        specifier: ^1.4.0-r.1
        version: 1.4.0-r.2

packages:

  '@duckdb/node-api@1.4.0-r.2':
    resolution: {integrity: sha512-kt5598+3L1TiSUCyNZ5Zh12hHIQeAzUj51CXKXycQaobEf3KooXZJhjiM1RkELKoGW+GeRotgPw2QUoIyeaWVg==}

  '@duckdb/node-bindings-darwin-arm64@1.4.0-r.2':
    resolution: {integrity: sha512-WaTZhpodKIKROqPC5b3l00rSa1xdnZUmPqngGEJlRSR/YeOGnh1J1ONx5o3q9vkbbzSbsk7POtFwTbmJCvrIDw==}
    cpu: [arm64]
    os: [darwin]

  '@duckdb/node-bindings-darwin-x64@1.4.0-r.2':
    resolution: {integrity: sha512-dSCGn4ZV8R7vCdnlJpOfadNtf9YqvpdAGo4CC48O7uRbargDIGQ4lpRJUSAoKsvxC63p3aG3p19regFpRbJqMA==}
    cpu: [x64]
    os: [darwin]

  '@duckdb/node-bindings-linux-arm64@1.4.0-r.2':
    resolution: {integrity: sha512-xB3xI5QcUC7LiyKPFZOYam5nV31SkgGTHazC58sACBB7OSpjBTxD0+EKdTOOA3IymR+mZ7WCPCLfKhyemreqbQ==}
    cpu: [arm64]
    os: [linux]

  '@duckdb/node-bindings-linux-x64@1.4.0-r.2':
    resolution: {integrity: sha512-t1tuDc2FBdj1hRuP1rtoPoIhnDgMYSMFh1R/OmNbtbvI2K4RIMICp8ya6/RiP2NGyXk9A+NMDooi9kLuNQmlvQ==}
    cpu: [x64]
    os: [linux]

  '@duckdb/node-bindings-win32-x64@1.4.0-r.2':
    resolution: {integrity: sha512-aoJHj+EumU2bLKMxk5OpJrD12KREt/o3FF3GaAkhFsQZc95AKWqdOkp3BWGaMqGq7A7cWoqSKBHxMHAlZI9z0A==}
    cpu: [x64]
    os: [win32]

  '@duckdb/node-bindings@1.4.0-r.2':
    resolution: {integrity: sha512-FZEWyV16aQix8rD2BZtcnY3EFw4i+1xP8WRbo1UampJve7krrLV4t9jMSmh4r+Nc5BRJ006A4/jwD6OpNhbR2g==}

snapshots:

  '@duckdb/node-api@1.4.0-r.2':
    dependencies:
      '@duckdb/node-bindings': 1.4.0-r.2

  '@duckdb/node-bindings-darwin-arm64@1.4.0-r.2':
    optional: true

  '@duckdb/node-bindings-darwin-x64@1.4.0-r.2':
    optional: true

  '@duckdb/node-bindings-linux-arm64@1.4.0-r.2':
    optional: true

  '@duckdb/node-bindings-linux-x64@1.4.0-r.2':
    optional: true

  '@duckdb/node-bindings-win32-x64@1.4.0-r.2':
    optional: true

  '@duckdb/node-bindings@1.4.0-r.2':
    optionalDependencies:
      '@duckdb/node-bindings-darwin-arm64': 1.4.0-r.2
      '@duckdb/node-bindings-darwin-x64': 1.4.0-r.2
      '@duckdb/node-bindings-linux-arm64': 1.4.0-r.2
      '@duckdb/node-bindings-linux-x64': 1.4.0-r.2
      '@duckdb/node-bindings-win32-x64': 1.4.0-r.2
